version: 1.0
shards:
  db:
    github: crystal-lang/crystal-db
    version: 0.5.0

  granite:
    github: amberframework/granite
    version: 0.13.0

  morganite:
    github: willamin/morganite
    commit: 9c0562e3157fcff117eb5f5822b8fe74f7497f4a

  pg:
    github: will/crystal-pg
    version: 0.15.0

  radix:
    github: luislavena/radix
    version: 0.3.8

  stout:
    github: willamin/stout
    version: 0.3.0

